{
  "name": "autoclaw-native",
  "version": "1.0.0",
  "lockfileVersion": 3,
  "requires": true,
  "packages": {
    "": {
      "name": "autoclaw-native",
      "version": "1.0.0",
      "dependencies": {
        "sqlite-vec": "^0.1.6"
      }
    },
    "node_modules/sqlite-vec": {
      "version": "0.1.6",
      "resolved": "https://registry.npmjs.org/sqlite-vec/-/sqlite-vec-0.1.6.tgz",
      "integrity": "sha512-hQZU700TU2vWPXZYDULODjKXeMio6rKX7UpPN7Tq9qjPW671IEgURGrcC5LDBMl0q9rBvAuzmcmJmImMqVibYQ==",
      "license": "MIT OR Apache",
      "optionalDependencies": {
        "sqlite-vec-darwin-arm64": "0.1.6",
        "sqlite-vec-darwin-x64": "0.1.6",
        "sqlite-vec-linux-arm64": "0.1.6",
        "sqlite-vec-linux-x64": "0.1.6",
        "sqlite-vec-windows-x64": "0.1.6"
      }
    },
    "node_modules/sqlite-vec-darwin-arm64": {
      "version": "0.1.6",
      "resolved": "https://registry.npmjs.org/sqlite-vec-darwin-arm64/-/sqlite-vec-darwin-arm64-0.1.6.tgz",
      "integrity": "sha512-5duw/xhM3xE6BCQd//eAkyHgBp9FIwK6veldRhPG96dT6Zpjov3bG02RuE7JAQj0SVJYRW8bJwZ4LxqW0+Q7Dw==",
      "cpu": [
        "arm64"
      ],
      "license": "MIT OR Apache",
      "optional": true,
      "os": [
        "darwin"
      ]
    },
    "node_modules/sqlite-vec-darwin-x64": {
      "version": "0.1.6",
      "resolved": "https://registry.npmjs.org/sqlite-vec-darwin-x64/-/sqlite-vec-darwin-x64-0.1.6.tgz",
      "integrity": "sha512-MFkKjNfJ5pamFHhyTsrqdxALrjuvpSEZdu6Q/0vMxFa6sr5YlfabeT5xGqEbuH0iobsT1Hca5EZxLhLy0jHYkw==",
      "cpu": [
        "x64"
      ],
      "license": "MIT OR Apache",
      "optional": true,
      "os": [
        "darwin"
      ]
    },
    "node_modules/sqlite-vec-linux-x64": {
      "version": "0.1.6",
      "resolved": "https://registry.npmjs.org/sqlite-vec-linux-x64/-/sqlite-vec-linux-x64-0.1.6.tgz",
      "integrity": "sha512-411tWPswywIzdkp+zsAUav4A03f0FjnNfpZFlOw8fBebFR74RSFkwM8Xryf18gLHiYAXUBI4mjY9+/xjwBjKpg==",
      "cpu": [
        "x64"
      ],
      "license": "MIT OR Apache",
      "optional": true,
      "os": [
        "linux"
      ]
    },
    "node_modules/sqlite-vec-windows-x64": {
      "version": "0.1.6",
      "resolved": "https://registry.npmjs.org/sqlite-vec-windows-x64/-/sqlite-vec-windows-x64-0.1.6.tgz",
      "integrity": "sha512-Dy9/KlKJDrjuQ/RRkBqGkMZuSh5bTJDMMOFZft9VJZaXzpYxb5alpgdvD4bbKegpDdfPi2BT4+PBivsNJSlMoQ==",
      "cpu": [
        "x64"
      ],
      "license": "MIT OR Apache",
      "optional": true,
      "os": [
        "win32"
      ]
    }
  }
}
